
Microsoft Visual Studio Solution File, Format Version 12.00
# Visual Studio 15
VisualStudioVersion = 15.0.28307.902
MinimumVisualStudioVersion = 10.0.40219.1
Project("{8BC9CEB8-8B4A-11D0-8D11-00A0C91BC942}") = "UnityPingAPI", "UnityPingAPI\UnityPingAPI.vcxproj", "{CD3A4A75-A145-4255-AD72-48AF4F0CA8F1}"
	ProjectSection(ProjectDependencies) = postProject
		{49205C96-4DD8-4EC4-9D87-47B2038696B3} = {49205C96-4DD8-4EC4-9D87-47B2038696B3}
	EndProjectSection
EndProject
Project("{FAE04EC0-301F-11D3-BF4B-00C04F79EFBC}") = "UnityPingAPIScript", "UnityPingAPIScript\UnityPingAPIScript.csproj", "{B141FD4E-77C9-4D50-8326-B0DF66EB8521}"
	ProjectSection(ProjectDependencies) = postProject
		{CD3A4A75-A145-4255-AD72-48AF4F0CA8F1} = {CD3A4A75-A145-4255-AD72-48AF4F0CA8F1}
		{49205C96-4DD8-4EC4-9D87-47B2038696B3} = {49205C96-4DD8-4EC4-9D87-47B2038696B3}
	EndProjectSection
EndProject
Project("{8BC9CEB8-8B4A-11D0-8D11-00A0C91BC942}") = "UnityPingLib", "UnityPingLib\UnityPingLib.vcxproj", "{49205C96-4DD8-4EC4-9D87-47B2038696B3}"
EndProject
Global
	GlobalSection(SolutionConfigurationPlatforms) = preSolution
		Debug|Any CPU = Debug|Any CPU
		Debug|x64 = Debug|x64
		Debug|x86 = Debug|x86
		Release|Any CPU = Release|Any CPU
		Release|x64 = Release|x64
		Release|x86 = Release|x86
	EndGlobalSection
	GlobalSection(ProjectConfigurationPlatforms) = postSolution
		{CD3A4A75-A145-4255-AD72-48AF4F0CA8F1}.Debug|Any CPU.ActiveCfg = Debug|Win32
		{CD3A4A75-A145-4255-AD72-48AF4F0CA8F1}.Debug|x64.ActiveCfg = Debug|x64
		{CD3A4A75-A145-4255-AD72-48AF4F0CA8F1}.Debug|x64.Build.0 = Debug|x64
		{CD3A4A75-A145-4255-AD72-48AF4F0CA8F1}.Debug|x86.ActiveCfg = Debug|Win32
		{CD3A4A75-A145-4255-AD72-48AF4F0CA8F1}.Debug|x86.Build.0 = Debug|Win32
		{CD3A4A75-A145-4255-AD72-48AF4F0CA8F1}.Release|Any CPU.ActiveCfg = Release|Win32
		{CD3A4A75-A145-4255-AD72-48AF4F0CA8F1}.Release|x64.ActiveCfg = Release|x64
		{CD3A4A75-A145-4255-AD72-48AF4F0CA8F1}.Release|x64.Build.0 = Release|x64
		{CD3A4A75-A145-4255-AD72-48AF4F0CA8F1}.Release|x86.ActiveCfg = Release|Win32
		{CD3A4A75-A145-4255-AD72-48AF4F0CA8F1}.Release|x86.Build.0 = Release|Win32
		{B141FD4E-77C9-4D50-8326-B0DF66EB8521}.Debug|Any CPU.ActiveCfg = Debug|Any CPU
		{B141FD4E-77C9-4D50-8326-B0DF66EB8521}.Debug|Any CPU.Build.0 = Debug|Any CPU
		{B141FD4E-77C9-4D50-8326-B0DF66EB8521}.Debug|x64.ActiveCfg = Debug|Any CPU
		{B141FD4E-77C9-4D50-8326-B0DF66EB8521}.Debug|x64.Build.0 = Debug|Any CPU
		{B141FD4E-77C9-4D50-8326-B0DF66EB8521}.Debug|x86.ActiveCfg = Debug|Any CPU
		{B141FD4E-77C9-4D50-8326-B0DF66EB8521}.Debug|x86.Build.0 = Debug|Any CPU
		{B141FD4E-77C9-4D50-8326-B0DF66EB8521}.Release|Any CPU.ActiveCfg = Release|Any CPU
		{B141FD4E-77C9-4D50-8326-B0DF66EB8521}.Release|Any CPU.Build.0 = Release|Any CPU
		{B141FD4E-77C9-4D50-8326-B0DF66EB8521}.Release|x64.ActiveCfg = Release|Any CPU
		{B141FD4E-77C9-4D50-8326-B0DF66EB8521}.Release|x64.Build.0 = Release|Any CPU
		{B141FD4E-77C9-4D50-8326-B0DF66EB8521}.Release|x86.ActiveCfg = Release|Any CPU
		{B141FD4E-77C9-4D50-8326-B0DF66EB8521}.Release|x86.Build.0 = Release|Any CPU
		{49205C96-4DD8-4EC4-9D87-47B2038696B3}.Debug|Any CPU.ActiveCfg = Debug|Win32
		{49205C96-4DD8-4EC4-9D87-47B2038696B3}.Debug|x64.ActiveCfg = Debug|x64
		{49205C96-4DD8-4EC4-9D87-47B2038696B3}.Debug|x64.Build.0 = Debug|x64
		{49205C96-4DD8-4EC4-9D87-47B2038696B3}.Debug|x86.ActiveCfg = Debug|Win32
		{49205C96-4DD8-4EC4-9D87-47B2038696B3}.Debug|x86.Build.0 = Debug|Win32
		{49205C96-4DD8-4EC4-9D87-47B2038696B3}.Release|Any CPU.ActiveCfg = Release|Win32
		{49205C96-4DD8-4EC4-9D87-47B2038696B3}.Release|x64.ActiveCfg = Release|x64
		{49205C96-4DD8-4EC4-9D87-47B2038696B3}.Release|x64.Build.0 = Release|x64
		{49205C96-4DD8-4EC4-9D87-47B2038696B3}.Release|x86.ActiveCfg = Release|Win32
		{49205C96-4DD8-4EC4-9D87-47B2038696B3}.Release|x86.Build.0 = Release|Win32
	EndGlobalSection
	GlobalSection(SolutionProperties) = preSolution
		HideSolutionNode = FALSE
	EndGlobalSection
	GlobalSection(ExtensibilityGlobals) = postSolution
		SolutionGuid = {6F321D3A-8727-4469-ADA2-15F100CE9387}
	EndGlobalSection
EndGlobal
